
Microsoft Visual Studio Solution File, Format Version 12.00
# Visual Studio 2013
VisualStudioVersion = 12.0.40629.0
MinimumVisualStudioVersion = 10.0.40219.1
Project("{FAE04EC0-301F-11D3-BF4B-00C04F79EFBC}") = "WildWorld.Tests", "WildWorld.Tests\WildWorld.Tests.csproj", "{5042CF99-47FB-4A5C-A6B3-0157AFC75157}"
EndProject
Project("{FAE04EC0-301F-11D3-BF4B-00C04F79EFBC}") = "WildWorld", "WildWorld\WildWorld.csproj", "{8C6504A4-6EAA-4916-A954-9373940D0F3A}"
EndProject
Global
	GlobalSection(SolutionConfigurationPlatforms) = preSolution
		Debug|Any CPU = Debug|Any CPU
		Release|Any CPU = Release|Any CPU
	EndGlobalSection
	GlobalSection(ProjectConfigurationPlatforms) = postSolution
		{5042CF99-47FB-4A5C-A6B3-0157AFC75157}.Debug|Any CPU.ActiveCfg = Debug|Any CPU
		{5042CF99-47FB-4A5C-A6B3-0157AFC75157}.Debug|Any CPU.Build.0 = Debug|Any CPU
		{5042CF99-47FB-4A5C-A6B3-0157AFC75157}.Release|Any CPU.ActiveCfg = Release|Any CPU
		{5042CF99-47FB-4A5C-A6B3-0157AFC75157}.Release|Any CPU.Build.0 = Release|Any CPU
		{8C6504A4-6EAA-4916-A954-9373940D0F3A}.Debug|Any CPU.ActiveCfg = Debug|Any CPU
		{8C6504A4-6EAA-4916-A954-9373940D0F3A}.Debug|Any CPU.Build.0 = Debug|Any CPU
		{8C6504A4-6EAA-4916-A954-9373940D0F3A}.Release|Any CPU.ActiveCfg = Release|Any CPU
		{8C6504A4-6EAA-4916-A954-9373940D0F3A}.Release|Any CPU.Build.0 = Release|Any CPU
	EndGlobalSection
	GlobalSection(SolutionProperties) = preSolution
		HideSolutionNode = FALSE
	EndGlobalSection
EndGlobal
